
Microsoft Visual Studio Solution File, Format Version 12.00
# Visual Studio Version 17
VisualStudioVersion = 17.9.34723.18
MinimumVisualStudioVersion = 10.0.40219.1
Project("{FAE04EC0-301F-11D3-BF4B-00C04F79EFBC}") = "Pronia", "Pronia.csproj", "{6AABAE1C-F5FA-4610-BAEF-BA94E7E6137B}"
EndProject
Global
	GlobalSection(SolutionConfigurationPlatforms) = preSolution
		Debug|Any CPU = Debug|Any CPU
		Release|Any CPU = Release|Any CPU
	EndGlobalSection
	GlobalSection(ProjectConfigurationPlatforms) = postSolution
		{6AABAE1C-F5FA-4610-BAEF-BA94E7E6137B}.Debug|Any CPU.ActiveCfg = Debug|Any CPU
		{6AABAE1C-F5FA-4610-BAEF-BA94E7E6137B}.Debug|Any CPU.Build.0 = Debug|Any CPU
		{6AABAE1C-F5FA-4610-BAEF-BA94E7E6137B}.Release|Any CPU.ActiveCfg = Release|Any CPU
		{6AABAE1C-F5FA-4610-BAEF-BA94E7E6137B}.Release|Any CPU.Build.0 = Release|Any CPU
	EndGlobalSection
	GlobalSection(SolutionProperties) = preSolution
		HideSolutionNode = FALSE
	EndGlobalSection
	GlobalSection(ExtensibilityGlobals) = postSolution
		SolutionGuid = {469134B7-3BAE-4D36-A26B-78B1DE33C0A6}
	EndGlobalSection
EndGlobal
